
Microsoft Visual Studio Solution File, Format Version 12.00
# Visual Studio Version 16
VisualStudioVersion = 16.0.29519.87
MinimumVisualStudioVersion = 10.0.40219.1
Project("{9A19103F-16F7-4668-BE54-9A1E7A4F7556}") = "curso-priscila", "curso-priscila.csproj", "{D563AFF9-2A5E-4D99-B648-A8A6A3608CF2}"
EndProject
Global
	GlobalSection(SolutionConfigurationPlatforms) = preSolution
		Debug|Any CPU = Debug|Any CPU
		Release|Any CPU = Release|Any CPU
	EndGlobalSection
	GlobalSection(ProjectConfigurationPlatforms) = postSolution
		{D563AFF9-2A5E-4D99-B648-A8A6A3608CF2}.Debug|Any CPU.ActiveCfg = Debug|Any CPU
		{D563AFF9-2A5E-4D99-B648-A8A6A3608CF2}.Debug|Any CPU.Build.0 = Debug|Any CPU
		{D563AFF9-2A5E-4D99-B648-A8A6A3608CF2}.Release|Any CPU.ActiveCfg = Release|Any CPU
		{D563AFF9-2A5E-4D99-B648-A8A6A3608CF2}.Release|Any CPU.Build.0 = Release|Any CPU
	EndGlobalSection
	GlobalSection(SolutionProperties) = preSolution
		HideSolutionNode = FALSE
	EndGlobalSection
	GlobalSection(ExtensibilityGlobals) = postSolution
		SolutionGuid = {481702AD-280F-468D-8FAE-73E186D9A026}
	EndGlobalSection
EndGlobal
